
Microsoft Visual Studio Solution File, Format Version 12.00
# Visual Studio Version 17
VisualStudioVersion = 17.13.35919.96 d17.13
MinimumVisualStudioVersion = 10.0.40219.1
Project("{FAE04EC0-301F-11D3-BF4B-00C04F79EFBC}") = "QuishpeStheevenProgreso2", "QuishpeStheevenProgreso2\QuishpeStheevenProgreso2.csproj", "{F7D801CB-7F37-45CE-8BA3-6074EA304FAD}"
EndProject
Global
	GlobalSection(SolutionConfigurationPlatforms) = preSolution
		Debug|Any CPU = Debug|Any CPU
		Release|Any CPU = Release|Any CPU
	EndGlobalSection
	GlobalSection(ProjectConfigurationPlatforms) = postSolution
		{F7D801CB-7F37-45CE-8BA3-6074EA304FAD}.Debug|Any CPU.ActiveCfg = Debug|Any CPU
		{F7D801CB-7F37-45CE-8BA3-6074EA304FAD}.Debug|Any CPU.Build.0 = Debug|Any CPU
		{F7D801CB-7F37-45CE-8BA3-6074EA304FAD}.Release|Any CPU.ActiveCfg = Release|Any CPU
		{F7D801CB-7F37-45CE-8BA3-6074EA304FAD}.Release|Any CPU.Build.0 = Release|Any CPU
	EndGlobalSection
	GlobalSection(SolutionProperties) = preSolution
		HideSolutionNode = FALSE
	EndGlobalSection
	GlobalSection(ExtensibilityGlobals) = postSolution
		SolutionGuid = {61D12075-BCD8-41A3-A247-E5ECC294DB8E}
	EndGlobalSection
EndGlobal
